
Microsoft Visual Studio Solution File, Format Version 12.00
# Visual Studio 15
VisualStudioVersion = 15.0.28307.960
MinimumVisualStudioVersion = 10.0.40219.1
Project("{FAE04EC0-301F-11D3-BF4B-00C04F79EFBC}") = "PortalMemória", "PortalMemória\PortalMemória.csproj", "{A0C42158-A059-47F1-B725-861C6836DD96}"
EndProject
Global
	GlobalSection(SolutionConfigurationPlatforms) = preSolution
		Debug|Any CPU = Debug|Any CPU
		Release|Any CPU = Release|Any CPU
	EndGlobalSection
	GlobalSection(ProjectConfigurationPlatforms) = postSolution
		{A0C42158-A059-47F1-B725-861C6836DD96}.Debug|Any CPU.ActiveCfg = Debug|Any CPU
		{A0C42158-A059-47F1-B725-861C6836DD96}.Debug|Any CPU.Build.0 = Debug|Any CPU
		{A0C42158-A059-47F1-B725-861C6836DD96}.Release|Any CPU.ActiveCfg = Release|Any CPU
		{A0C42158-A059-47F1-B725-861C6836DD96}.Release|Any CPU.Build.0 = Release|Any CPU
	EndGlobalSection
	GlobalSection(SolutionProperties) = preSolution
		HideSolutionNode = FALSE
	EndGlobalSection
	GlobalSection(ExtensibilityGlobals) = postSolution
		SolutionGuid = {029E32C5-FCE2-437E-9679-3545C7D25301}
	EndGlobalSection
EndGlobal
